// !$*UTF8*$!
{
	archiveVersion = 1;
	classes = {
	};
	objectVersion = 46;
	objects = {

/* Begin PBXBuildFile section */
		D39A7F541C602FE700D9D375 /* AppDelegate.swift in Sources */ = {isa = PBXBuildFile; fileRef = D39A7F531C602FE700D9D375 /* AppDelegate.swift */; };
		D39A7F561C602FE700D9D375 /* ViewController.swift in Sources */ = {isa = PBXBuildFile; fileRef = D39A7F551C602FE700D9D375 /* ViewController.swift */; };
		D39A7F591C602FE700D9D375 /* Main.storyboard in Resources */ = {isa = PBXBuildFile; fileRef = D39A7F571C602FE700D9D375 /* Main.storyboard */; };
		D39A7F5B1C602FE700D9D375 /* Assets.xcassets in Resources */ = {isa = PBXBuildFile; fileRef = D39A7F5A1C602FE700D9D375 /* Assets.xcassets */; };
		D39A7F5E1C602FE700D9D375 /* LaunchScreen.storyboard in Resources */ = {isa = PBXBuildFile; fileRef = D39A7F5C1C602FE700D9D375 /* LaunchScreen.storyboard */; };
		D39A7F661C6031BC00D9D375 /* pokemon.csv in Resources */ = {isa = PBXBuildFile; fileRef = D39A7F651C6031BC00D9D375 /* pokemon.csv */; };
		D39A7F691C60328C00D9D375 /* Pokemon.swift in Sources */ = {isa = PBXBuildFile; fileRef = D39A7F681C60328C00D9D375 /* Pokemon.swift */; };
		D39A7F6B1C60382D00D9D375 /* PokeCell.swift in Sources */ = {isa = PBXBuildFile; fileRef = D39A7F6A1C60382D00D9D375 /* PokeCell.swift */; };
		D39A7F701C603FA300D9D375 /* csv.swift in Sources */ = {isa = PBXBuildFile; fileRef = D39A7F6F1C603FA300D9D375 /* csv.swift */; };
		D39A7F741C6047CC00D9D375 /* music.mp3 in Resources */ = {isa = PBXBuildFile; fileRef = D39A7F731C6047CC00D9D375 /* music.mp3 */; };
/* End PBXBuildFile section */

/* Begin PBXFileReference section */
		D39A7F501C602FE700D9D375 /* Pokedex.app */ = {isa = PBXFileReference; explicitFileType = wrapper.application; includeInIndex = 0; path = Pokedex.app; sourceTree = BUILT_PRODUCTS_DIR; };
		D39A7F531C602FE700D9D375 /* AppDelegate.swift */ = {isa = PBXFileReference; lastKnownFileType = sourcecode.swift; path = AppDelegate.swift; sourceTree = "<group>"; };
		D39A7F551C602FE700D9D375 /* ViewController.swift */ = {isa = PBXFileReference; lastKnownFileType = sourcecode.swift; path = ViewController.swift; sourceTree = "<group>"; };
		D39A7F581C602FE700D9D375 /* Base */ = {isa = PBXFileReference; lastKnownFileType = file.storyboard; name = Base; path = Base.lproj/Main.storyboard; sourceTree = "<group>"; };
		D39A7F5A1C602FE700D9D375 /* Assets.xcassets */ = {isa = PBXFileReference; lastKnownFileType = folder.assetcatalog; path = Assets.xcassets; sourceTree = "<group>"; };
		D39A7F5D1C602FE700D9D375 /* Base */ = {isa = PBXFileReference; lastKnownFileType = file.storyboard; name = Base; path = Base.lproj/LaunchScreen.storyboard; sourceTree = "<group>"; };
		D39A7F5F1C602FE700D9D375 /* Info.plist */ = {isa = PBXFileReference; lastKnownFileType = text.plist.xml; path = Info.plist; sourceTree = "<group>"; };
		D39A7F651C6031BC00D9D375 /* pokemon.csv */ = {isa = PBXFileReference; fileEncoding = 4; lastKnownFileType = text; path = pokemon.csv; sourceTree = "<group>"; };
		D39A7F681C60328C00D9D375 /* Pokemon.swift */ = {isa = PBXFileReference; fileEncoding = 4; lastKnownFileType = sourcecode.swift; path = Pokemon.swift; sourceTree = "<group>"; };
		D39A7F6A1C60382D00D9D375 /* PokeCell.swift */ = {isa = PBXFileReference; fileEncoding = 4; lastKnownFileType = sourcecode.swift; path = PokeCell.swift; sourceTree = "<group>"; };
		D39A7F6F1C603FA300D9D375 /* csv.swift */ = {isa = PBXFileReference; fileEncoding = 4; lastKnownFileType = sourcecode.swift; path = csv.swift; sourceTree = "<group>"; };
		D39A7F721C60437C00D9D375 /* PokemonSolid.ttf */ = {isa = PBXFileReference; lastKnownFileType = file; path = PokemonSolid.ttf; sourceTree = "<group>"; };
		D39A7F731C6047CC00D9D375 /* music.mp3 */ = {isa = PBXFileReference; lastKnownFileType = audio.mp3; path = music.mp3; sourceTree = "<group>"; };
/* End PBXFileReference section */

/* Begin PBXFrameworksBuildPhase section */
		D39A7F4D1C602FE700D9D375 /* Frameworks */ = {
			isa = PBXFrameworksBuildPhase;
			buildActionMask = 2147483647;
			files = (
			);
			runOnlyForDeploymentPostprocessing = 0;
		};
/* End PBXFrameworksBuildPhase section */

/* Begin PBXGroup section */
		D39A7F471C602FE700D9D375 = {
			isa = PBXGroup;
			children = (
				D39A7F521C602FE700D9D375 /* Pokedex */,
				D39A7F511C602FE700D9D375 /* Products */,
			);
			sourceTree = "<group>";
		};
		D39A7F511C602FE700D9D375 /* Products */ = {
			isa = PBXGroup;
			children = (
				D39A7F501C602FE700D9D375 /* Pokedex.app */,
			);
			name = Products;
			sourceTree = "<group>";
		};
		D39A7F521C602FE700D9D375 /* Pokedex */ = {
			isa = PBXGroup;
			children = (
				D39A7F531C602FE700D9D375 /* AppDelegate.swift */,
				D39A7F6C1C60398800D9D375 /* View */,
				D39A7F671C60326E00D9D375 /* Model */,
				D39A7F6D1C6039C100D9D375 /* Controller */,
				D39A7F711C603FE900D9D375 /* Util */,
				D39A7F6E1C6039CC00D9D375 /* Resources */,
			);
			path = Pokedex;
			sourceTree = "<group>";
		};
		D39A7F671C60326E00D9D375 /* Model */ = {
			isa = PBXGroup;
			children = (
				D39A7F681C60328C00D9D375 /* Pokemon.swift */,
			);
			name = Model;
			sourceTree = "<group>";
		};
		D39A7F6C1C60398800D9D375 /* View */ = {
			isa = PBXGroup;
			children = (
				D39A7F5C1C602FE700D9D375 /* LaunchScreen.storyboard */,
				D39A7F6A1C60382D00D9D375 /* PokeCell.swift */,
				D39A7F571C602FE700D9D375 /* Main.storyboard */,
			);
			name = View;
			sourceTree = "<group>";
		};
		D39A7F6D1C6039C100D9D375 /* Controller */ = {
			isa = PBXGroup;
			children = (
				D39A7F551C602FE700D9D375 /* ViewController.swift */,
			);
			name = Controller;
			sourceTree = "<group>";
		};
		D39A7F6E1C6039CC00D9D375 /* Resources */ = {
			isa = PBXGroup;
			children = (
				D39A7F5F1C602FE700D9D375 /* Info.plist */,
				D39A7F651C6031BC00D9D375 /* pokemon.csv */,
				D39A7F721C60437C00D9D375 /* PokemonSolid.ttf */,
				D39A7F5A1C602FE700D9D375 /* Assets.xcassets */,
				D39A7F731C6047CC00D9D375 /* music.mp3 */,
			);
			name = Resources;
			sourceTree = "<group>";
		};
		D39A7F711C603FE900D9D375 /* Util */ = {
			isa = PBXGroup;
			children = (
				D39A7F6F1C603FA300D9D375 /* csv.swift */,
			);
			name = Util;
			sourceTree = "<group>";
		};
/* End PBXGroup section */

/* Begin PBXNativeTarget section */
		D39A7F4F1C602FE700D9D375 /* Pokedex */ = {
			isa = PBXNativeTarget;
			buildConfigurationList = D39A7F621C602FE700D9D375 /* Build configuration list for PBXNativeTarget "Pokedex" */;
			buildPhases = (
				D39A7F4C1C602FE700D9D375 /* Sources */,
				D39A7F4D1C602FE700D9D375 /* Frameworks */,
				D39A7F4E1C602FE700D9D375 /* Resources */,
			);
			buildRules = (
			);
			dependencies = (
			);
			name = Pokedex;
			productName = Pokedex;
			productReference = D39A7F501C602FE700D9D375 /* Pokedex.app */;
			productType = "com.apple.product-type.application";
		};
/* End PBXNativeTarget section */

/* Begin PBXProject section */
		D39A7F481C602FE700D9D375 /* Project object */ = {
			isa = PBXProject;
			attributes = {
				LastSwiftUpdateCheck = 0720;
				LastUpgradeCheck = 0720;
				ORGANIZATIONNAME = "Luke Regan";
				TargetAttributes = {
					D39A7F4F1C602FE700D9D375 = {
						CreatedOnToolsVersion = 7.2;
					};
				};
			};
			buildConfigurationList = D39A7F4B1C602FE700D9D375 /* Build configuration list for PBXProject "Pokedex" */;
			compatibilityVersion = "Xcode 3.2";
			developmentRegion = English;
			hasScannedForEncodings = 0;
			knownRegions = (
				en,
				Base,
			);
			mainGroup = D39A7F471C602FE700D9D375;
			productRefGroup = D39A7F511C602FE700D9D375 /* Products */;
			projectDirPath = "";
			projectRoot = "";
			targets = (
				D39A7F4F1C602FE700D9D375 /* Pokedex */,
			);
		};
/* End PBXProject section */

/* Begin PBXResourcesBuildPhase section */
		D39A7F4E1C602FE700D9D375 /* Resources */ = {
			isa = PBXResourcesBuildPhase;
			buildActionMask = 2147483647;
			files = (
				D39A7F741C6047CC00D9D375 /* music.mp3 in Resources */,
				D39A7F5E1C602FE700D9D375 /* LaunchScreen.storyboard in Resources */,
				D39A7F5B1C602FE700D9D375 /* Assets.xcassets in Resources */,
				D39A7F661C6031BC00D9D375 /* pokemon.csv in Resources */,
				D39A7F591C602FE700D9D375 /* Main.storyboard in Resources */,
			);
			runOnlyForDeploymentPostprocessing = 0;
		};
/* End PBXResourcesBuildPhase section */

/* Begin PBXSourcesBuildPhase section */
		D39A7F4C1C602FE700D9D375 /* Sources */ = {
			isa = PBXSourcesBuildPhase;
			buildActionMask = 2147483647;
			files = (
				D39A7F6B1C60382D00D9D375 /* PokeCell.swift in Sources */,
				D39A7F561C602FE700D9D375 /* ViewController.swift in Sources */,
				D39A7F541C602FE700D9D375 /* AppDelegate.swift in Sources */,
				D39A7F691C60328C00D9D375 /* Pokemon.swift in Sources */,
				D39A7F701C603FA300D9D375 /* csv.swift in Sources */,
			);
			runOnlyForDeploymentPostprocessing = 0;
		};
/* End PBXSourcesBuildPhase section */

/* Begin PBXVariantGroup section */
		D39A7F571C602FE700D9D375 /* Main.storyboard */ = {
			isa = PBXVariantGroup;
			children = (
				D39A7F581C602FE700D9D375 /* Base */,
			);
			name = Main.storyboard;
			sourceTree = "<group>";
		};
		D39A7F5C1C602FE700D9D375 /* LaunchScreen.storyboard */ = {
			isa = PBXVariantGroup;
			children = (
				D39A7F5D1C602FE700D9D375 /* Base */,
			);
			name = LaunchScreen.storyboard;
			sourceTree = "<group>";
		};
/* End PBXVariantGroup section */

/* Begin XCBuildConfiguration section */
		D39A7F601C602FE700D9D375 /* Debug */ = {
			isa = XCBuildConfiguration;
			buildSettings = {
				ALWAYS_SEARCH_USER_PATHS = NO;
				CLANG_CXX_LANGUAGE_STANDARD = "gnu++0x";
				CLANG_CXX_LIBRARY = "libc++";
				CLANG_ENABLE_MODULES = YES;
				CLANG_ENABLE_OBJC_ARC = YES;
				CLANG_WARN_BOOL_CONVERSION = YES;
				CLANG_WARN_CONSTANT_CONVERSION = YES;
				CLANG_WARN_DIRECT_OBJC_ISA_USAGE = YES_ERROR;
				CLANG_WARN_EMPTY_BODY = YES;
				CLANG_WARN_ENUM_CONVERSION = YES;
				CLANG_WARN_INT_CONVERSION = YES;
				CLANG_WARN_OBJC_ROOT_CLASS = YES_ERROR;
				CLANG_WARN_UNREACHABLE_CODE = YES;
				CLANG_WARN__DUPLICATE_METHOD_MATCH = YES;
				"CODE_SIGN_IDENTITY[sdk=iphoneos*]" = "iPhone Developer";
				COPY_PHASE_STRIP = NO;
				DEBUG_INFORMATION_FORMAT = dwarf;
				ENABLE_STRICT_OBJC_MSGSEND = YES;
				ENABLE_TESTABILITY = YES;
				GCC_C_LANGUAGE_STANDARD = gnu99;
				GCC_DYNAMIC_NO_PIC = NO;
				GCC_NO_COMMON_BLOCKS = YES;
				GCC_OPTIMIZATION_LEVEL = 0;
				GCC_PREPROCESSOR_DEFINITIONS = (
					"DEBUG=1",
					"$(inherited)",
				);
				GCC_WARN_64_TO_32_BIT_CONVERSION = YES;
				GCC_WARN_ABOUT_RETURN_TYPE = YES_ERROR;
				GCC_WARN_UNDECLARED_SELECTOR = YES;
				GCC_WARN_UNINITIALIZED_AUTOS = YES_AGGRESSIVE;
				GCC_WARN_UNUSED_FUNCTION = YES;
				GCC_WARN_UNUSED_VARIABLE = YES;
				IPHONEOS_DEPLOYMENT_TARGET = 9.2;
				MTL_ENABLE_DEBUG_INFO = YES;
				ONLY_ACTIVE_ARCH = YES;
				SDKROOT = iphoneos;
				SWIFT_OPTIMIZATION_LEVEL = "-Onone";
				TARGETED_DEVICE_FAMILY = "1,2";
			};
			name = Debug;
		};
		D39A7F611C602FE700D9D375 /* Release */ = {
			isa = XCBuildConfiguration;
			buildSettings = {
				ALWAYS_SEARCH_USER_PATHS = NO;
				CLANG_CXX_LANGUAGE_STANDARD = "gnu++0x";
				CLANG_CXX_LIBRARY = "libc++";
				CLANG_ENABLE_MODULES = YES;
				CLANG_ENABLE_OBJC_ARC = YES;
				CLANG_WARN_BOOL_CONVERSION = YES;
				CLANG_WARN_CONSTANT_CONVERSION = YES;
				CLANG_WARN_DIRECT_OBJC_ISA_USAGE = YES_ERROR;
				CLANG_WARN_EMPTY_BODY = YES;
				CLANG_WARN_ENUM_CONVERSION = YES;
				CLANG_WARN_INT_CONVERSION = YES;
				CLANG_WARN_OBJC_ROOT_CLASS = YES_ERROR;
				CLANG_WARN_UNREACHABLE_CODE = YES;
				CLANG_WARN__DUPLICATE_METHOD_MATCH = YES;
				"CODE_SIGN_IDENTITY[sdk=iphoneos*]" = "iPhone Developer";
				COPY_PHASE_STRIP = NO;
				DEBUG_INFORMATION_FORMAT = "dwarf-with-dsym";
				ENABLE_NS_ASSERTIONS = NO;
				ENABLE_STRICT_OBJC_MSGSEND = YES;
				GCC_C_LANGUAGE_STANDARD = gnu99;
				GCC_NO_COMMON_BLOCKS = YES;
				GCC_WARN_64_TO_32_BIT_CONVERSION = YES;
				GCC_WARN_ABOUT_RETURN_TYPE = YES_ERROR;
				GCC_WARN_UNDECLARED_SELECTOR = YES;
				GCC_WARN_UNINITIALIZED_AUTOS = YES_AGGRESSIVE;
				GCC_WARN_UNUSED_FUNCTION = YES;
				GCC_WARN_UNUSED_VARIABLE = YES;
				IPHONEOS_DEPLOYMENT_TARGET = 9.2;
				MTL_ENABLE_DEBUG_INFO = NO;
				SDKROOT = iphoneos;
				TARGETED_DEVICE_FAMILY = "1,2";
				VALIDATE_PRODUCT = YES;
			};
			name = Release;
		};
		D39A7F631C602FE700D9D375 /* Debug */ = {
			isa = XCBuildConfiguration;
			buildSettings = {
				ASSETCATALOG_COMPILER_APPICON_NAME = AppIcon;
				INFOPLIST_FILE = Pokedex/Info.plist;
				LD_RUNPATH_SEARCH_PATHS = "$(inherited) @executable_path/Frameworks";
				PRODUCT_BUNDLE_IDENTIFIER = com.lregancg.Pokedex;
				PRODUCT_NAME = "$(TARGET_NAME)";
			};
			name = Debug;
		};
		D39A7F641C602FE700D9D375 /* Release */ = {
			isa = XCBuildConfiguration;
			buildSettings = {
				ASSETCATALOG_COMPILER_APPICON_NAME = AppIcon;
				INFOPLIST_FILE = Pokedex/Info.plist;
				LD_RUNPATH_SEARCH_PATHS = "$(inherited) @executable_path/Frameworks";
				PRODUCT_BUNDLE_IDENTIFIER = com.lregancg.Pokedex;
				PRODUCT_NAME = "$(TARGET_NAME)";
			};
			name = Release;
		};
/* End XCBuildConfiguration section */

/* Begin XCConfigurationList section */
		D39A7F4B1C602FE700D9D375 /* Build configuration list for PBXProject "Pokedex" */ = {
			isa = XCConfigurationList;
			buildConfigurations = (
				D39A7F601C602FE700D9D375 /* Debug */,
				D39A7F611C602FE700D9D375 /* Release */,
			);
			defaultConfigurationIsVisible = 0;
			defaultConfigurationName = Release;
		};
		D39A7F621C602FE700D9D375 /* Build configuration list for PBXNativeTarget "Pokedex" */ = {
			isa = XCConfigurationList;
			buildConfigurations = (
				D39A7F631C602FE700D9D375 /* Debug */,
				D39A7F641C602FE700D9D375 /* Release */,
			);
			defaultConfigurationIsVisible = 0;
		};
/* End XCConfigurationList section */
	};
	rootObject = D39A7F481C602FE700D9D375 /* Project object */;
}
